
Microsoft Visual Studio Solution File, Format Version 12.00
# Visual Studio Version 16
VisualStudioVersion = 16.0.29306.81
MinimumVisualStudioVersion = 10.0.40219.1
Project("{FAE04EC0-301F-11D3-BF4B-00C04F79EFBC}") = "AUbank", "AUbank\AUbank.csproj", "{71090717-D773-45D3-BECC-1CAFC79DF9FD}"
EndProject
Global
	GlobalSection(SolutionConfigurationPlatforms) = preSolution
		Debug|Any CPU = Debug|Any CPU
		Release|Any CPU = Release|Any CPU
	EndGlobalSection
	GlobalSection(ProjectConfigurationPlatforms) = postSolution
		{71090717-D773-45D3-BECC-1CAFC79DF9FD}.Debug|Any CPU.ActiveCfg = Debug|Any CPU
		{71090717-D773-45D3-BECC-1CAFC79DF9FD}.Debug|Any CPU.Build.0 = Debug|Any CPU
		{71090717-D773-45D3-BECC-1CAFC79DF9FD}.Release|Any CPU.ActiveCfg = Release|Any CPU
		{71090717-D773-45D3-BECC-1CAFC79DF9FD}.Release|Any CPU.Build.0 = Release|Any CPU
	EndGlobalSection
	GlobalSection(SolutionProperties) = preSolution
		HideSolutionNode = FALSE
	EndGlobalSection
	GlobalSection(ExtensibilityGlobals) = postSolution
		SolutionGuid = {BE03DDB4-920B-47E5-A271-A85A3FC09F81}
	EndGlobalSection
EndGlobal
